
Microsoft Visual Studio Solution File, Format Version 12.00
# Visual Studio 2012
Project("{FAE04EC0-301F-11D3-BF4B-00C04F79EFBC}") = "Amod.University.WebApi", "Amod.University.WebApi\Amod.University.WebApi.csproj", "{02299ED3-4940-4501-A931-AEFE5EDC39F9}"
EndProject
Project("{FAE04EC0-301F-11D3-BF4B-00C04F79EFBC}") = "Amod.University.ServiceLocator", "Amod.University.ServiceLocator\Amod.University.ServiceLocator.csproj", "{36DE9FF7-A1A4-47DC-AA23-4EFB6084BE74}"
EndProject
Project("{FAE04EC0-301F-11D3-BF4B-00C04F79EFBC}") = "Amod.University.Model", "Amod.University.Model\Amod.University.Model.csproj", "{590798F5-B742-4861-9B05-44B2EEE3FFD6}"
EndProject
Project("{FAE04EC0-301F-11D3-BF4B-00C04F79EFBC}") = "Amod.RestChannelPlatformProvider", "Amod.RestChannelPlatformProvider\Amod.RestChannelPlatformProvider.csproj", "{A114D459-5913-41FA-96C8-08A46A3C54F5}"
EndProject
Project("{FAE04EC0-301F-11D3-BF4B-00C04F79EFBC}") = "Amod.University.WebApi.Test", "Amod.University.WebApi.Test\Amod.University.WebApi.Test.csproj", "{0F84F655-5165-4F1F-B0C7-F3C2E8C75096}"
EndProject
Project("{FAE04EC0-301F-11D3-BF4B-00C04F79EFBC}") = "Amod.University.WebForms", "Amod.University.WebForms\Amod.University.WebForms.csproj", "{9FDD28B0-FC87-4063-B3C8-AF745DFBA07C}"
EndProject
Global
	GlobalSection(SolutionConfigurationPlatforms) = preSolution
		Debug|Any CPU = Debug|Any CPU
		Release|Any CPU = Release|Any CPU
	EndGlobalSection
	GlobalSection(ProjectConfigurationPlatforms) = postSolution
		{02299ED3-4940-4501-A931-AEFE5EDC39F9}.Debug|Any CPU.ActiveCfg = Debug|Any CPU
		{02299ED3-4940-4501-A931-AEFE5EDC39F9}.Debug|Any CPU.Build.0 = Debug|Any CPU
		{02299ED3-4940-4501-A931-AEFE5EDC39F9}.Release|Any CPU.ActiveCfg = Release|Any CPU
		{02299ED3-4940-4501-A931-AEFE5EDC39F9}.Release|Any CPU.Build.0 = Release|Any CPU
		{36DE9FF7-A1A4-47DC-AA23-4EFB6084BE74}.Debug|Any CPU.ActiveCfg = Debug|Any CPU
		{36DE9FF7-A1A4-47DC-AA23-4EFB6084BE74}.Debug|Any CPU.Build.0 = Debug|Any CPU
		{36DE9FF7-A1A4-47DC-AA23-4EFB6084BE74}.Release|Any CPU.ActiveCfg = Release|Any CPU
		{36DE9FF7-A1A4-47DC-AA23-4EFB6084BE74}.Release|Any CPU.Build.0 = Release|Any CPU
		{590798F5-B742-4861-9B05-44B2EEE3FFD6}.Debug|Any CPU.ActiveCfg = Debug|Any CPU
		{590798F5-B742-4861-9B05-44B2EEE3FFD6}.Debug|Any CPU.Build.0 = Debug|Any CPU
		{590798F5-B742-4861-9B05-44B2EEE3FFD6}.Release|Any CPU.ActiveCfg = Release|Any CPU
		{590798F5-B742-4861-9B05-44B2EEE3FFD6}.Release|Any CPU.Build.0 = Release|Any CPU
		{A114D459-5913-41FA-96C8-08A46A3C54F5}.Debug|Any CPU.ActiveCfg = Debug|Any CPU
		{A114D459-5913-41FA-96C8-08A46A3C54F5}.Debug|Any CPU.Build.0 = Debug|Any CPU
		{A114D459-5913-41FA-96C8-08A46A3C54F5}.Release|Any CPU.ActiveCfg = Release|Any CPU
		{A114D459-5913-41FA-96C8-08A46A3C54F5}.Release|Any CPU.Build.0 = Release|Any CPU
		{0F84F655-5165-4F1F-B0C7-F3C2E8C75096}.Debug|Any CPU.ActiveCfg = Debug|Any CPU
		{0F84F655-5165-4F1F-B0C7-F3C2E8C75096}.Debug|Any CPU.Build.0 = Debug|Any CPU
		{0F84F655-5165-4F1F-B0C7-F3C2E8C75096}.Release|Any CPU.ActiveCfg = Release|Any CPU
		{0F84F655-5165-4F1F-B0C7-F3C2E8C75096}.Release|Any CPU.Build.0 = Release|Any CPU
		{9FDD28B0-FC87-4063-B3C8-AF745DFBA07C}.Debug|Any CPU.ActiveCfg = Debug|Any CPU
		{9FDD28B0-FC87-4063-B3C8-AF745DFBA07C}.Debug|Any CPU.Build.0 = Debug|Any CPU
		{9FDD28B0-FC87-4063-B3C8-AF745DFBA07C}.Release|Any CPU.ActiveCfg = Release|Any CPU
		{9FDD28B0-FC87-4063-B3C8-AF745DFBA07C}.Release|Any CPU.Build.0 = Release|Any CPU
	EndGlobalSection
	GlobalSection(SolutionProperties) = preSolution
		HideSolutionNode = FALSE
	EndGlobalSection
EndGlobal
